{
  "name": "mayar",
  "version": "0.3.0",
  "lockfileVersion": 3,
  "requires": true,
  "packages": {
    "": {
      "name": "mayar",
      "version": "0.3.0",
      "bundleDependencies": [
        "@mayaross/auth"
      ],
      "license": "MIT",
      "dependencies": {
        "@mayaross/auth": "^1.0.0"
      },
      "bin": {
        "mayar": "bin/mayar.js"
      },
      "engines": {
        "node": ">=18"
      }
    },
    "node_modules/@mayaross/auth": {
      "version": "1.0.0",
      "resolved": "https://registry.npmjs.org/@mayaross/auth/-/auth-1.0.0.tgz",
      "integrity": "sha512-mG6yXO+VC6GYE4Wj5y3V8FbHveMll+KHWNhVEIqSN/qr8NEqrOqZASo8mlZxtpjByjg1Bi40xsBDdbzRbcf8LQ==",
      "inBundle": true,
      "license": "ISC",
      "engines": {
        "node": ">=18"
      }
    }
  }
}
